
Microsoft Visual Studio Solution File, Format Version 12.00
# Visual Studio Version 17
VisualStudioVersion = 17.3.32922.545
MinimumVisualStudioVersion = 10.0.40219.1
Project("{FAE04EC0-301F-11D3-BF4B-00C04F79EFBC}") = "MB.SimTaxi.Mvc", "MB.SimTaxi.Mvc\MB.SimTaxi.Mvc.csproj", "{B0EE74AC-6B19-4ADD-959C-468CD42854A3}"
EndProject
Project("{FAE04EC0-301F-11D3-BF4B-00C04F79EFBC}") = "MB.SimTaxi.Entities", "MB.SimTaxi.Entities\MB.SimTaxi.Entities.csproj", "{76D09FAB-CAD9-479B-B8E8-66920BC93045}"
EndProject
Global
	GlobalSection(SolutionConfigurationPlatforms) = preSolution
		Debug|Any CPU = Debug|Any CPU
		Release|Any CPU = Release|Any CPU
	EndGlobalSection
	GlobalSection(ProjectConfigurationPlatforms) = postSolution
		{B0EE74AC-6B19-4ADD-959C-468CD42854A3}.Debug|Any CPU.ActiveCfg = Debug|Any CPU
		{B0EE74AC-6B19-4ADD-959C-468CD42854A3}.Debug|Any CPU.Build.0 = Debug|Any CPU
		{B0EE74AC-6B19-4ADD-959C-468CD42854A3}.Release|Any CPU.ActiveCfg = Release|Any CPU
		{B0EE74AC-6B19-4ADD-959C-468CD42854A3}.Release|Any CPU.Build.0 = Release|Any CPU
		{76D09FAB-CAD9-479B-B8E8-66920BC93045}.Debug|Any CPU.ActiveCfg = Debug|Any CPU
		{76D09FAB-CAD9-479B-B8E8-66920BC93045}.Debug|Any CPU.Build.0 = Debug|Any CPU
		{76D09FAB-CAD9-479B-B8E8-66920BC93045}.Release|Any CPU.ActiveCfg = Release|Any CPU
		{76D09FAB-CAD9-479B-B8E8-66920BC93045}.Release|Any CPU.Build.0 = Release|Any CPU
	EndGlobalSection
	GlobalSection(SolutionProperties) = preSolution
		HideSolutionNode = FALSE
	EndGlobalSection
	GlobalSection(ExtensibilityGlobals) = postSolution
		SolutionGuid = {4150C3C0-075F-48E8-8B69-9918D79D7C65}
	EndGlobalSection
EndGlobal
